
Microsoft Visual Studio Solution File, Format Version 12.00
# Visual Studio Version 17
VisualStudioVersion = 17.6.33815.320
MinimumVisualStudioVersion = 10.0.40219.1
Project("{FAE04EC0-301F-11D3-BF4B-00C04F79EFBC}") = "GUI", "GUI\GUI.csproj", "{2E701DFF-CF9F-4FA1-8CE9-151DE27D81AE}"
EndProject
Project("{FAE04EC0-301F-11D3-BF4B-00C04F79EFBC}") = "Modelo", "Modelo\Modelo.csproj", "{CD3633DF-0BED-48F6-B3F5-1482DCF28501}"
EndProject
Project("{FAE04EC0-301F-11D3-BF4B-00C04F79EFBC}") = "DAL", "DAL\DAL.csproj", "{68916CB4-0DBF-41E0-9AC2-4DFA8FA6085D}"
EndProject
Project("{FAE04EC0-301F-11D3-BF4B-00C04F79EFBC}") = "BLL", "BLL\BLL.csproj", "{BA8BAFC5-2FC2-4B26-839F-E953AE4E17F5}"
EndProject
Global
	GlobalSection(SolutionConfigurationPlatforms) = preSolution
		Debug|Any CPU = Debug|Any CPU
		Debug|ARM = Debug|ARM
		Debug|ARM64 = Debug|ARM64
		Debug|x64 = Debug|x64
		Debug|x86 = Debug|x86
		Release|Any CPU = Release|Any CPU
		Release|ARM = Release|ARM
		Release|ARM64 = Release|ARM64
		Release|x64 = Release|x64
		Release|x86 = Release|x86
	EndGlobalSection
	GlobalSection(ProjectConfigurationPlatforms) = postSolution
		{2E701DFF-CF9F-4FA1-8CE9-151DE27D81AE}.Debug|Any CPU.ActiveCfg = Debug|Any CPU
		{2E701DFF-CF9F-4FA1-8CE9-151DE27D81AE}.Debug|Any CPU.Build.0 = Debug|Any CPU
		{2E701DFF-CF9F-4FA1-8CE9-151DE27D81AE}.Debug|ARM.ActiveCfg = Debug|Any CPU
		{2E701DFF-CF9F-4FA1-8CE9-151DE27D81AE}.Debug|ARM.Build.0 = Debug|Any CPU
		{2E701DFF-CF9F-4FA1-8CE9-151DE27D81AE}.Debug|ARM64.ActiveCfg = Debug|Any CPU
		{2E701DFF-CF9F-4FA1-8CE9-151DE27D81AE}.Debug|ARM64.Build.0 = Debug|Any CPU
		{2E701DFF-CF9F-4FA1-8CE9-151DE27D81AE}.Debug|x64.ActiveCfg = Debug|Any CPU
		{2E701DFF-CF9F-4FA1-8CE9-151DE27D81AE}.Debug|x64.Build.0 = Debug|Any CPU
		{2E701DFF-CF9F-4FA1-8CE9-151DE27D81AE}.Debug|x86.ActiveCfg = Debug|Any CPU
		{2E701DFF-CF9F-4FA1-8CE9-151DE27D81AE}.Debug|x86.Build.0 = Debug|Any CPU
		{2E701DFF-CF9F-4FA1-8CE9-151DE27D81AE}.Release|Any CPU.ActiveCfg = Release|Any CPU
		{2E701DFF-CF9F-4FA1-8CE9-151DE27D81AE}.Release|Any CPU.Build.0 = Release|Any CPU
		{2E701DFF-CF9F-4FA1-8CE9-151DE27D81AE}.Release|ARM.ActiveCfg = Release|Any CPU
		{2E701DFF-CF9F-4FA1-8CE9-151DE27D81AE}.Release|ARM.Build.0 = Release|Any CPU
		{2E701DFF-CF9F-4FA1-8CE9-151DE27D81AE}.Release|ARM64.ActiveCfg = Release|Any CPU
		{2E701DFF-CF9F-4FA1-8CE9-151DE27D81AE}.Release|ARM64.Build.0 = Release|Any CPU
		{2E701DFF-CF9F-4FA1-8CE9-151DE27D81AE}.Release|x64.ActiveCfg = Release|Any CPU
		{2E701DFF-CF9F-4FA1-8CE9-151DE27D81AE}.Release|x64.Build.0 = Release|Any CPU
		{2E701DFF-CF9F-4FA1-8CE9-151DE27D81AE}.Release|x86.ActiveCfg = Release|Any CPU
		{2E701DFF-CF9F-4FA1-8CE9-151DE27D81AE}.Release|x86.Build.0 = Release|Any CPU
		{CD3633DF-0BED-48F6-B3F5-1482DCF28501}.Debug|Any CPU.ActiveCfg = Debug|Any CPU
		{CD3633DF-0BED-48F6-B3F5-1482DCF28501}.Debug|Any CPU.Build.0 = Debug|Any CPU
		{CD3633DF-0BED-48F6-B3F5-1482DCF28501}.Debug|ARM.ActiveCfg = Debug|Any CPU
		{CD3633DF-0BED-48F6-B3F5-1482DCF28501}.Debug|ARM.Build.0 = Debug|Any CPU
		{CD3633DF-0BED-48F6-B3F5-1482DCF28501}.Debug|ARM64.ActiveCfg = Debug|Any CPU
		{CD3633DF-0BED-48F6-B3F5-1482DCF28501}.Debug|ARM64.Build.0 = Debug|Any CPU
		{CD3633DF-0BED-48F6-B3F5-1482DCF28501}.Debug|x64.ActiveCfg = Debug|Any CPU
		{CD3633DF-0BED-48F6-B3F5-1482DCF28501}.Debug|x64.Build.0 = Debug|Any CPU
		{CD3633DF-0BED-48F6-B3F5-1482DCF28501}.Debug|x86.ActiveCfg = Debug|Any CPU
		{CD3633DF-0BED-48F6-B3F5-1482DCF28501}.Debug|x86.Build.0 = Debug|Any CPU
		{CD3633DF-0BED-48F6-B3F5-1482DCF28501}.Release|Any CPU.ActiveCfg = Release|Any CPU
		{CD3633DF-0BED-48F6-B3F5-1482DCF28501}.Release|Any CPU.Build.0 = Release|Any CPU
		{CD3633DF-0BED-48F6-B3F5-1482DCF28501}.Release|ARM.ActiveCfg = Release|Any CPU
		{CD3633DF-0BED-48F6-B3F5-1482DCF28501}.Release|ARM.Build.0 = Release|Any CPU
		{CD3633DF-0BED-48F6-B3F5-1482DCF28501}.Release|ARM64.ActiveCfg = Release|Any CPU
		{CD3633DF-0BED-48F6-B3F5-1482DCF28501}.Release|ARM64.Build.0 = Release|Any CPU
		{CD3633DF-0BED-48F6-B3F5-1482DCF28501}.Release|x64.ActiveCfg = Release|Any CPU
		{CD3633DF-0BED-48F6-B3F5-1482DCF28501}.Release|x64.Build.0 = Release|Any CPU
		{CD3633DF-0BED-48F6-B3F5-1482DCF28501}.Release|x86.ActiveCfg = Release|Any CPU
		{CD3633DF-0BED-48F6-B3F5-1482DCF28501}.Release|x86.Build.0 = Release|Any CPU
		{68916CB4-0DBF-41E0-9AC2-4DFA8FA6085D}.Debug|Any CPU.ActiveCfg = Debug|Any CPU
		{68916CB4-0DBF-41E0-9AC2-4DFA8FA6085D}.Debug|Any CPU.Build.0 = Debug|Any CPU
		{68916CB4-0DBF-41E0-9AC2-4DFA8FA6085D}.Debug|ARM.ActiveCfg = Debug|Any CPU
		{68916CB4-0DBF-41E0-9AC2-4DFA8FA6085D}.Debug|ARM.Build.0 = Debug|Any CPU
		{68916CB4-0DBF-41E0-9AC2-4DFA8FA6085D}.Debug|ARM64.ActiveCfg = Debug|Any CPU
		{68916CB4-0DBF-41E0-9AC2-4DFA8FA6085D}.Debug|ARM64.Build.0 = Debug|Any CPU
		{68916CB4-0DBF-41E0-9AC2-4DFA8FA6085D}.Debug|x64.ActiveCfg = Debug|Any CPU
		{68916CB4-0DBF-41E0-9AC2-4DFA8FA6085D}.Debug|x64.Build.0 = Debug|Any CPU
		{68916CB4-0DBF-41E0-9AC2-4DFA8FA6085D}.Debug|x86.ActiveCfg = Debug|Any CPU
		{68916CB4-0DBF-41E0-9AC2-4DFA8FA6085D}.Debug|x86.Build.0 = Debug|Any CPU
		{68916CB4-0DBF-41E0-9AC2-4DFA8FA6085D}.Release|Any CPU.ActiveCfg = Release|Any CPU
		{68916CB4-0DBF-41E0-9AC2-4DFA8FA6085D}.Release|Any CPU.Build.0 = Release|Any CPU
		{68916CB4-0DBF-41E0-9AC2-4DFA8FA6085D}.Release|ARM.ActiveCfg = Release|Any CPU
		{68916CB4-0DBF-41E0-9AC2-4DFA8FA6085D}.Release|ARM.Build.0 = Release|Any CPU
		{68916CB4-0DBF-41E0-9AC2-4DFA8FA6085D}.Release|ARM64.ActiveCfg = Release|Any CPU
		{68916CB4-0DBF-41E0-9AC2-4DFA8FA6085D}.Release|ARM64.Build.0 = Release|Any CPU
		{68916CB4-0DBF-41E0-9AC2-4DFA8FA6085D}.Release|x64.ActiveCfg = Release|Any CPU
		{68916CB4-0DBF-41E0-9AC2-4DFA8FA6085D}.Release|x64.Build.0 = Release|Any CPU
		{68916CB4-0DBF-41E0-9AC2-4DFA8FA6085D}.Release|x86.ActiveCfg = Release|Any CPU
		{68916CB4-0DBF-41E0-9AC2-4DFA8FA6085D}.Release|x86.Build.0 = Release|Any CPU
		{BA8BAFC5-2FC2-4B26-839F-E953AE4E17F5}.Debug|Any CPU.ActiveCfg = Debug|Any CPU
		{BA8BAFC5-2FC2-4B26-839F-E953AE4E17F5}.Debug|Any CPU.Build.0 = Debug|Any CPU
		{BA8BAFC5-2FC2-4B26-839F-E953AE4E17F5}.Debug|ARM.ActiveCfg = Debug|Any CPU
		{BA8BAFC5-2FC2-4B26-839F-E953AE4E17F5}.Debug|ARM.Build.0 = Debug|Any CPU
		{BA8BAFC5-2FC2-4B26-839F-E953AE4E17F5}.Debug|ARM64.ActiveCfg = Debug|Any CPU
		{BA8BAFC5-2FC2-4B26-839F-E953AE4E17F5}.Debug|ARM64.Build.0 = Debug|Any CPU
		{BA8BAFC5-2FC2-4B26-839F-E953AE4E17F5}.Debug|x64.ActiveCfg = Debug|Any CPU
		{BA8BAFC5-2FC2-4B26-839F-E953AE4E17F5}.Debug|x64.Build.0 = Debug|Any CPU
		{BA8BAFC5-2FC2-4B26-839F-E953AE4E17F5}.Debug|x86.ActiveCfg = Debug|Any CPU
		{BA8BAFC5-2FC2-4B26-839F-E953AE4E17F5}.Debug|x86.Build.0 = Debug|Any CPU
		{BA8BAFC5-2FC2-4B26-839F-E953AE4E17F5}.Release|Any CPU.ActiveCfg = Release|Any CPU
		{BA8BAFC5-2FC2-4B26-839F-E953AE4E17F5}.Release|Any CPU.Build.0 = Release|Any CPU
		{BA8BAFC5-2FC2-4B26-839F-E953AE4E17F5}.Release|ARM.ActiveCfg = Release|Any CPU
		{BA8BAFC5-2FC2-4B26-839F-E953AE4E17F5}.Release|ARM.Build.0 = Release|Any CPU
		{BA8BAFC5-2FC2-4B26-839F-E953AE4E17F5}.Release|ARM64.ActiveCfg = Release|Any CPU
		{BA8BAFC5-2FC2-4B26-839F-E953AE4E17F5}.Release|ARM64.Build.0 = Release|Any CPU
		{BA8BAFC5-2FC2-4B26-839F-E953AE4E17F5}.Release|x64.ActiveCfg = Release|Any CPU
		{BA8BAFC5-2FC2-4B26-839F-E953AE4E17F5}.Release|x64.Build.0 = Release|Any CPU
		{BA8BAFC5-2FC2-4B26-839F-E953AE4E17F5}.Release|x86.ActiveCfg = Release|Any CPU
		{BA8BAFC5-2FC2-4B26-839F-E953AE4E17F5}.Release|x86.Build.0 = Release|Any CPU
	EndGlobalSection
	GlobalSection(SolutionProperties) = preSolution
		HideSolutionNode = FALSE
	EndGlobalSection
	GlobalSection(ExtensibilityGlobals) = postSolution
		SolutionGuid = {B0F6CAB5-9DAE-436E-B6C5-B1DF23026ACA}
	EndGlobalSection
EndGlobal
